
Microsoft Visual Studio Solution File, Format Version 12.00
# Visual Studio Version 17
VisualStudioVersion = 17.0.32112.339
MinimumVisualStudioVersion = 10.0.40219.1
Project("{9A19103F-16F7-4668-BE54-9A1E7A4F7556}") = "ESourcing.Products", "ESourcing.Products\ESourcing.Products.csproj", "{8863C1EC-6DEB-489E-B281-AAEEE73AFE5A}"
EndProject
Project("{2150E333-8FDC-42A3-9474-1A3956D46DE8}") = "Products", "Products", "{5FA8F4ED-8D69-43E2-AA7A-BCD8A66CCBD4}"
EndProject
Project("{2150E333-8FDC-42A3-9474-1A3956D46DE8}") = "Sources", "Sources", "{3524C68F-AA0F-469F-9238-E846D23C9B4E}"
EndProject
Project("{2150E333-8FDC-42A3-9474-1A3956D46DE8}") = "ApiGateway", "ApiGateway", "{61DA4D94-F22D-4322-BF50-9BCA9698F8BC}"
EndProject
Project("{2150E333-8FDC-42A3-9474-1A3956D46DE8}") = "Services", "Services", "{1D298E6F-8ABE-4F26-A58A-9114B029878B}"
EndProject
Project("{2150E333-8FDC-42A3-9474-1A3956D46DE8}") = "WebApp", "WebApp", "{0E4A6F96-EED4-4639-8EAA-813C61D8FB42}"
EndProject
Project("{2150E333-8FDC-42A3-9474-1A3956D46DE8}") = "Common", "Common", "{566EC15B-B405-4FD8-84CA-8AC894C5F788}"
EndProject
Project("{2150E333-8FDC-42A3-9474-1A3956D46DE8}") = "Order", "Order", "{495DA1A4-41F5-4B61-837D-9C6F321CB0BA}"
EndProject
Project("{2150E333-8FDC-42A3-9474-1A3956D46DE8}") = "Sourcing", "Sourcing", "{253B717C-B219-4DC2-81F4-28007E783673}"
EndProject
Global
	GlobalSection(SolutionConfigurationPlatforms) = preSolution
		Debug|Any CPU = Debug|Any CPU
		Release|Any CPU = Release|Any CPU
	EndGlobalSection
	GlobalSection(ProjectConfigurationPlatforms) = postSolution
		{8863C1EC-6DEB-489E-B281-AAEEE73AFE5A}.Debug|Any CPU.ActiveCfg = Debug|Any CPU
		{8863C1EC-6DEB-489E-B281-AAEEE73AFE5A}.Debug|Any CPU.Build.0 = Debug|Any CPU
		{8863C1EC-6DEB-489E-B281-AAEEE73AFE5A}.Release|Any CPU.ActiveCfg = Release|Any CPU
		{8863C1EC-6DEB-489E-B281-AAEEE73AFE5A}.Release|Any CPU.Build.0 = Release|Any CPU
	EndGlobalSection
	GlobalSection(SolutionProperties) = preSolution
		HideSolutionNode = FALSE
	EndGlobalSection
	GlobalSection(NestedProjects) = preSolution
		{8863C1EC-6DEB-489E-B281-AAEEE73AFE5A} = {5FA8F4ED-8D69-43E2-AA7A-BCD8A66CCBD4}
		{5FA8F4ED-8D69-43E2-AA7A-BCD8A66CCBD4} = {1D298E6F-8ABE-4F26-A58A-9114B029878B}
		{61DA4D94-F22D-4322-BF50-9BCA9698F8BC} = {3524C68F-AA0F-469F-9238-E846D23C9B4E}
		{1D298E6F-8ABE-4F26-A58A-9114B029878B} = {3524C68F-AA0F-469F-9238-E846D23C9B4E}
		{0E4A6F96-EED4-4639-8EAA-813C61D8FB42} = {3524C68F-AA0F-469F-9238-E846D23C9B4E}
		{566EC15B-B405-4FD8-84CA-8AC894C5F788} = {1D298E6F-8ABE-4F26-A58A-9114B029878B}
		{495DA1A4-41F5-4B61-837D-9C6F321CB0BA} = {1D298E6F-8ABE-4F26-A58A-9114B029878B}
		{253B717C-B219-4DC2-81F4-28007E783673} = {1D298E6F-8ABE-4F26-A58A-9114B029878B}
	EndGlobalSection
	GlobalSection(ExtensibilityGlobals) = postSolution
		SolutionGuid = {06A42385-B9A0-4F1F-AC37-92A55D102A94}
	EndGlobalSection
EndGlobal
